
Microsoft Visual Studio Solution File, Format Version 12.00
# Visual Studio Version 17
VisualStudioVersion = 17.11.35327.3
MinimumVisualStudioVersion = 10.0.40219.1
Project("{FAE04EC0-301F-11D3-BF4B-00C04F79EFBC}") = "EjercicioPolimorfismo", "EjercicioPolimorfismo\EjercicioPolimorfismo.csproj", "{B099036F-660D-4A8B-822B-8CEF46125C6C}"
EndProject
Global
	GlobalSection(SolutionConfigurationPlatforms) = preSolution
		Debug|Any CPU = Debug|Any CPU
		Release|Any CPU = Release|Any CPU
	EndGlobalSection
	GlobalSection(ProjectConfigurationPlatforms) = postSolution
		{B099036F-660D-4A8B-822B-8CEF46125C6C}.Debug|Any CPU.ActiveCfg = Debug|Any CPU
		{B099036F-660D-4A8B-822B-8CEF46125C6C}.Debug|Any CPU.Build.0 = Debug|Any CPU
		{B099036F-660D-4A8B-822B-8CEF46125C6C}.Release|Any CPU.ActiveCfg = Release|Any CPU
		{B099036F-660D-4A8B-822B-8CEF46125C6C}.Release|Any CPU.Build.0 = Release|Any CPU
	EndGlobalSection
	GlobalSection(SolutionProperties) = preSolution
		HideSolutionNode = FALSE
	EndGlobalSection
	GlobalSection(ExtensibilityGlobals) = postSolution
		SolutionGuid = {290392A4-922E-4297-88E2-DE9FD8376400}
	EndGlobalSection
EndGlobal
